// !$*UTF8*$!
{
	archiveVersion = 1;
	classes = {
	};
	objectVersion = 50;
	objects = {

/* Begin PBXBuildFile section */
		64A08A8420CA578F0076E0A6 /* AppDelegate.m in Sources */ = {isa = PBXBuildFile; fileRef = 64A08A8320CA578F0076E0A6 /* AppDelegate.m */; };
		64A08A8720CA578F0076E0A6 /* ViewController.m in Sources */ = {isa = PBXBuildFile; fileRef = 64A08A8620CA578F0076E0A6 /* ViewController.m */; };
		64A08A8A20CA578F0076E0A6 /* Main.storyboard in Resources */ = {isa = PBXBuildFile; fileRef = 64A08A8820CA578F0076E0A6 /* Main.storyboard */; };
		64A08A8C20CA57900076E0A6 /* Assets.xcassets in Resources */ = {isa = PBXBuildFile; fileRef = 64A08A8B20CA57900076E0A6 /* Assets.xcassets */; };
		64A08A8F20CA57900076E0A6 /* LaunchScreen.storyboard in Resources */ = {isa = PBXBuildFile; fileRef = 64A08A8D20CA57900076E0A6 /* LaunchScreen.storyboard */; };
		64A08A9220CA57900076E0A6 /* main.m in Sources */ = {isa = PBXBuildFile; fileRef = 64A08A9120CA57900076E0A6 /* main.m */; };
/* End PBXBuildFile section */

/* Begin PBXFileReference section */
		64A08A7F20CA578F0076E0A6 /* SKStoreReviewController.app */ = {isa = PBXFileReference; explicitFileType = wrapper.application; includeInIndex = 0; path = SKStoreReviewController.app; sourceTree = BUILT_PRODUCTS_DIR; };
		64A08A8220CA578F0076E0A6 /* AppDelegate.h */ = {isa = PBXFileReference; lastKnownFileType = sourcecode.c.h; path = AppDelegate.h; sourceTree = "<group>"; };
		64A08A8320CA578F0076E0A6 /* AppDelegate.m */ = {isa = PBXFileReference; lastKnownFileType = sourcecode.c.objc; path = AppDelegate.m; sourceTree = "<group>"; };
		64A08A8520CA578F0076E0A6 /* ViewController.h */ = {isa = PBXFileReference; lastKnownFileType = sourcecode.c.h; path = ViewController.h; sourceTree = "<group>"; };
		64A08A8620CA578F0076E0A6 /* ViewController.m */ = {isa = PBXFileReference; lastKnownFileType = sourcecode.c.objc; path = ViewController.m; sourceTree = "<group>"; };
		64A08A8920CA578F0076E0A6 /* Base */ = {isa = PBXFileReference; lastKnownFileType = file.storyboard; name = Base; path = Base.lproj/Main.storyboard; sourceTree = "<group>"; };
		64A08A8B20CA57900076E0A6 /* Assets.xcassets */ = {isa = PBXFileReference; lastKnownFileType = folder.assetcatalog; path = Assets.xcassets; sourceTree = "<group>"; };
		64A08A8E20CA57900076E0A6 /* Base */ = {isa = PBXFileReference; lastKnownFileType = file.storyboard; name = Base; path = Base.lproj/LaunchScreen.storyboard; sourceTree = "<group>"; };
		64A08A9020CA57900076E0A6 /* Info.plist */ = {isa = PBXFileReference; lastKnownFileType = text.plist.xml; path = Info.plist; sourceTree = "<group>"; };
		64A08A9120CA57900076E0A6 /* main.m */ = {isa = PBXFileReference; lastKnownFileType = sourcecode.c.objc; path = main.m; sourceTree = "<group>"; };
/* End PBXFileReference section */

/* Begin PBXFrameworksBuildPhase section */
		64A08A7C20CA578F0076E0A6 /* Frameworks */ = {
			isa = PBXFrameworksBuildPhase;
			buildActionMask = 2147483647;
			files = (
			);
			runOnlyForDeploymentPostprocessing = 0;
		};
/* End PBXFrameworksBuildPhase section */

/* Begin PBXGroup section */
		64A08A7620CA578F0076E0A6 = {
			isa = PBXGroup;
			children = (
				64A08A8120CA578F0076E0A6 /* SKStoreReviewController */,
				64A08A8020CA578F0076E0A6 /* Products */,
			);
			sourceTree = "<group>";
		};
		64A08A8020CA578F0076E0A6 /* Products */ = {
			isa = PBXGroup;
			children = (
				64A08A7F20CA578F0076E0A6 /* SKStoreReviewController.app */,
			);
			name = Products;
			sourceTree = "<group>";
		};
		64A08A8120CA578F0076E0A6 /* SKStoreReviewController */ = {
			isa = PBXGroup;
			children = (
				64A08A8220CA578F0076E0A6 /* AppDelegate.h */,
				64A08A8320CA578F0076E0A6 /* AppDelegate.m */,
				64A08A8520CA578F0076E0A6 /* ViewController.h */,
				64A08A8620CA578F0076E0A6 /* ViewController.m */,
				64A08A8820CA578F0076E0A6 /* Main.storyboard */,
				64A08A8B20CA57900076E0A6 /* Assets.xcassets */,
				64A08A8D20CA57900076E0A6 /* LaunchScreen.storyboard */,
				64A08A9020CA57900076E0A6 /* Info.plist */,
				64A08A9120CA57900076E0A6 /* main.m */,
			);
			path = SKStoreReviewController;
			sourceTree = "<group>";
		};
/* End PBXGroup section */

/* Begin PBXNativeTarget section */
		64A08A7E20CA578F0076E0A6 /* SKStoreReviewController */ = {
			isa = PBXNativeTarget;
			buildConfigurationList = 64A08A9520CA57900076E0A6 /* Build configuration list for PBXNativeTarget "SKStoreReviewController" */;
			buildPhases = (
				64A08A7B20CA578F0076E0A6 /* Sources */,
				64A08A7C20CA578F0076E0A6 /* Frameworks */,
				64A08A7D20CA578F0076E0A6 /* Resources */,
			);
			buildRules = (
			);
			dependencies = (
			);
			name = SKStoreReviewController;
			productName = SKStoreReviewController;
			productReference = 64A08A7F20CA578F0076E0A6 /* SKStoreReviewController.app */;
			productType = "com.apple.product-type.application";
		};
/* End PBXNativeTarget section */

/* Begin PBXProject section */
		64A08A7720CA578F0076E0A6 /* Project object */ = {
			isa = PBXProject;
			attributes = {
				LastUpgradeCheck = 0940;
				ORGANIZATIONNAME = kazua;
				TargetAttributes = {
					64A08A7E20CA578F0076E0A6 = {
						CreatedOnToolsVersion = 9.4;
					};
				};
			};
			buildConfigurationList = 64A08A7A20CA578F0076E0A6 /* Build configuration list for PBXProject "SKStoreReviewController" */;
			compatibilityVersion = "Xcode 9.3";
			developmentRegion = en;
			hasScannedForEncodings = 0;
			knownRegions = (
				en,
				Base,
			);
			mainGroup = 64A08A7620CA578F0076E0A6;
			productRefGroup = 64A08A8020CA578F0076E0A6 /* Products */;
			projectDirPath = "";
			projectRoot = "";
			targets = (
				64A08A7E20CA578F0076E0A6 /* SKStoreReviewController */,
			);
		};
/* End PBXProject section */

/* Begin PBXResourcesBuildPhase section */
		64A08A7D20CA578F0076E0A6 /* Resources */ = {
			isa = PBXResourcesBuildPhase;
			buildActionMask = 2147483647;
			files = (
				64A08A8F20CA57900076E0A6 /* LaunchScreen.storyboard in Resources */,
				64A08A8C20CA57900076E0A6 /* Assets.xcassets in Resources */,
				64A08A8A20CA578F0076E0A6 /* Main.storyboard in Resources */,
			);
			runOnlyForDeploymentPostprocessing = 0;
		};
/* End PBXResourcesBuildPhase section */

/* Begin PBXSourcesBuildPhase section */
		64A08A7B20CA578F0076E0A6 /* Sources */ = {
			isa = PBXSourcesBuildPhase;
			buildActionMask = 2147483647;
			files = (
				64A08A8720CA578F0076E0A6 /* ViewController.m in Sources */,
				64A08A9220CA57900076E0A6 /* main.m in Sources */,
				64A08A8420CA578F0076E0A6 /* AppDelegate.m in Sources */,
			);
			runOnlyForDeploymentPostprocessing = 0;
		};
/* End PBXSourcesBuildPhase section */

/* Begin PBXVariantGroup section */
		64A08A8820CA578F0076E0A6 /* Main.storyboard */ = {
			isa = PBXVariantGroup;
			children = (
				64A08A8920CA578F0076E0A6 /* Base */,
			);
			name = Main.storyboard;
			sourceTree = "<group>";
		};
		64A08A8D20CA57900076E0A6 /* LaunchScreen.storyboard */ = {
			isa = PBXVariantGroup;
			children = (
				64A08A8E20CA57900076E0A6 /* Base */,
			);
			name = LaunchScreen.storyboard;
			sourceTree = "<group>";
		};
/* End PBXVariantGroup section */

/* Begin XCBuildConfiguration section */
		64A08A9320CA57900076E0A6 /* Debug */ = {
			isa = XCBuildConfiguration;
			buildSettings = {
				ALWAYS_SEARCH_USER_PATHS = NO;
				CLANG_ANALYZER_NONNULL = YES;
				CLANG_ANALYZER_NUMBER_OBJECT_CONVERSION = YES_AGGRESSIVE;
				CLANG_CXX_LANGUAGE_STANDARD = "gnu++14";
				CLANG_CXX_LIBRARY = "libc++";
				CLANG_ENABLE_MODULES = YES;
				CLANG_ENABLE_OBJC_ARC = YES;
				CLANG_ENABLE_OBJC_WEAK = YES;
				CLANG_WARN_BLOCK_CAPTURE_AUTORELEASING = YES;
				CLANG_WARN_BOOL_CONVERSION = YES;
				CLANG_WARN_COMMA = YES;
				CLANG_WARN_CONSTANT_CONVERSION = YES;
				CLANG_WARN_DEPRECATED_OBJC_IMPLEMENTATIONS = YES;
				CLANG_WARN_DIRECT_OBJC_ISA_USAGE = YES_ERROR;
				CLANG_WARN_DOCUMENTATION_COMMENTS = YES;
				CLANG_WARN_EMPTY_BODY = YES;
				CLANG_WARN_ENUM_CONVERSION = YES;
				CLANG_WARN_INFINITE_RECURSION = YES;
				CLANG_WARN_INT_CONVERSION = YES;
				CLANG_WARN_NON_LITERAL_NULL_CONVERSION = YES;
				CLANG_WARN_OBJC_IMPLICIT_RETAIN_SELF = YES;
				CLANG_WARN_OBJC_LITERAL_CONVERSION = YES;
				CLANG_WARN_OBJC_ROOT_CLASS = YES_ERROR;
				CLANG_WARN_RANGE_LOOP_ANALYSIS = YES;
				CLANG_WARN_STRICT_PROTOTYPES = YES;
				CLANG_WARN_SUSPICIOUS_MOVE = YES;
				CLANG_WARN_UNGUARDED_AVAILABILITY = YES_AGGRESSIVE;
				CLANG_WARN_UNREACHABLE_CODE = YES;
				CLANG_WARN__DUPLICATE_METHOD_MATCH = YES;
				CODE_SIGN_IDENTITY = "iPhone Developer";
				COPY_PHASE_STRIP = NO;
				DEBUG_INFORMATION_FORMAT = dwarf;
				ENABLE_STRICT_OBJC_MSGSEND = YES;
				ENABLE_TESTABILITY = YES;
				GCC_C_LANGUAGE_STANDARD = gnu11;
				GCC_DYNAMIC_NO_PIC = NO;
				GCC_NO_COMMON_BLOCKS = YES;
				GCC_OPTIMIZATION_LEVEL = 0;
				GCC_PREPROCESSOR_DEFINITIONS = (
					"DEBUG=1",
					"$(inherited)",
				);
				GCC_WARN_64_TO_32_BIT_CONVERSION = YES;
				GCC_WARN_ABOUT_RETURN_TYPE = YES_ERROR;
				GCC_WARN_UNDECLARED_SELECTOR = YES;
				GCC_WARN_UNINITIALIZED_AUTOS = YES_AGGRESSIVE;
				GCC_WARN_UNUSED_FUNCTION = YES;
				GCC_WARN_UNUSED_VARIABLE = YES;
				IPHONEOS_DEPLOYMENT_TARGET = 11.4;
				MTL_ENABLE_DEBUG_INFO = YES;
				ONLY_ACTIVE_ARCH = YES;
				SDKROOT = iphoneos;
			};
			name = Debug;
		};
		64A08A9420CA57900076E0A6 /* Release */ = {
			isa = XCBuildConfiguration;
			buildSettings = {
				ALWAYS_SEARCH_USER_PATHS = NO;
				CLANG_ANALYZER_NONNULL = YES;
				CLANG_ANALYZER_NUMBER_OBJECT_CONVERSION = YES_AGGRESSIVE;
				CLANG_CXX_LANGUAGE_STANDARD = "gnu++14";
				CLANG_CXX_LIBRARY = "libc++";
				CLANG_ENABLE_MODULES = YES;
				CLANG_ENABLE_OBJC_ARC = YES;
				CLANG_ENABLE_OBJC_WEAK = YES;
				CLANG_WARN_BLOCK_CAPTURE_AUTORELEASING = YES;
				CLANG_WARN_BOOL_CONVERSION = YES;
				CLANG_WARN_COMMA = YES;
				CLANG_WARN_CONSTANT_CONVERSION = YES;
				CLANG_WARN_DEPRECATED_OBJC_IMPLEMENTATIONS = YES;
				CLANG_WARN_DIRECT_OBJC_ISA_USAGE = YES_ERROR;
				CLANG_WARN_DOCUMENTATION_COMMENTS = YES;
				CLANG_WARN_EMPTY_BODY = YES;
				CLANG_WARN_ENUM_CONVERSION = YES;
				CLANG_WARN_INFINITE_RECURSION = YES;
				CLANG_WARN_INT_CONVERSION = YES;
				CLANG_WARN_NON_LITERAL_NULL_CONVERSION = YES;
				CLANG_WARN_OBJC_IMPLICIT_RETAIN_SELF = YES;
				CLANG_WARN_OBJC_LITERAL_CONVERSION = YES;
				CLANG_WARN_OBJC_ROOT_CLASS = YES_ERROR;
				CLANG_WARN_RANGE_LOOP_ANALYSIS = YES;
				CLANG_WARN_STRICT_PROTOTYPES = YES;
				CLANG_WARN_SUSPICIOUS_MOVE = YES;
				CLANG_WARN_UNGUARDED_AVAILABILITY = YES_AGGRESSIVE;
				CLANG_WARN_UNREACHABLE_CODE = YES;
				CLANG_WARN__DUPLICATE_METHOD_MATCH = YES;
				CODE_SIGN_IDENTITY = "iPhone Developer";
				COPY_PHASE_STRIP = NO;
				DEBUG_INFORMATION_FORMAT = "dwarf-with-dsym";
				ENABLE_NS_ASSERTIONS = NO;
				ENABLE_STRICT_OBJC_MSGSEND = YES;
				GCC_C_LANGUAGE_STANDARD = gnu11;
				GCC_NO_COMMON_BLOCKS = YES;
				GCC_WARN_64_TO_32_BIT_CONVERSION = YES;
				GCC_WARN_ABOUT_RETURN_TYPE = YES_ERROR;
				GCC_WARN_UNDECLARED_SELECTOR = YES;
				GCC_WARN_UNINITIALIZED_AUTOS = YES_AGGRESSIVE;
				GCC_WARN_UNUSED_FUNCTION = YES;
				GCC_WARN_UNUSED_VARIABLE = YES;
				IPHONEOS_DEPLOYMENT_TARGET = 11.4;
				MTL_ENABLE_DEBUG_INFO = NO;
				SDKROOT = iphoneos;
				VALIDATE_PRODUCT = YES;
			};
			name = Release;
		};
		64A08A9620CA57900076E0A6 /* Debug */ = {
			isa = XCBuildConfiguration;
			buildSettings = {
				ASSETCATALOG_COMPILER_APPICON_NAME = AppIcon;
				CODE_SIGN_STYLE = Automatic;
				DEVELOPMENT_TEAM = PCCZJUYRT6;
				INFOPLIST_FILE = SKStoreReviewController/Info.plist;
				LD_RUNPATH_SEARCH_PATHS = (
					"$(inherited)",
					"@executable_path/Frameworks",
				);
				PRODUCT_BUNDLE_IDENTIFIER = com.stv.SKStoreReviewController;
				PRODUCT_NAME = "$(TARGET_NAME)";
				TARGETED_DEVICE_FAMILY = "1,2";
			};
			name = Debug;
		};
		64A08A9720CA57900076E0A6 /* Release */ = {
			isa = XCBuildConfiguration;
			buildSettings = {
				ASSETCATALOG_COMPILER_APPICON_NAME = AppIcon;
				CODE_SIGN_STYLE = Automatic;
				DEVELOPMENT_TEAM = PCCZJUYRT6;
				INFOPLIST_FILE = SKStoreReviewController/Info.plist;
				LD_RUNPATH_SEARCH_PATHS = (
					"$(inherited)",
					"@executable_path/Frameworks",
				);
				PRODUCT_BUNDLE_IDENTIFIER = com.stv.SKStoreReviewController;
				PRODUCT_NAME = "$(TARGET_NAME)";
				TARGETED_DEVICE_FAMILY = "1,2";
			};
			name = Release;
		};
/* End XCBuildConfiguration section */

/* Begin XCConfigurationList section */
		64A08A7A20CA578F0076E0A6 /* Build configuration list for PBXProject "SKStoreReviewController" */ = {
			isa = XCConfigurationList;
			buildConfigurations = (
				64A08A9320CA57900076E0A6 /* Debug */,
				64A08A9420CA57900076E0A6 /* Release */,
			);
			defaultConfigurationIsVisible = 0;
			defaultConfigurationName = Release;
		};
		64A08A9520CA57900076E0A6 /* Build configuration list for PBXNativeTarget "SKStoreReviewController" */ = {
			isa = XCConfigurationList;
			buildConfigurations = (
				64A08A9620CA57900076E0A6 /* Debug */,
				64A08A9720CA57900076E0A6 /* Release */,
			);
			defaultConfigurationIsVisible = 0;
			defaultConfigurationName = Release;
		};
/* End XCConfigurationList section */
	};
	rootObject = 64A08A7720CA578F0076E0A6 /* Project object */;
}
